
Microsoft Visual Studio Solution File, Format Version 12.00
# Visual Studio Version 17
VisualStudioVersion = 17.5.33414.496
MinimumVisualStudioVersion = 10.0.40219.1
Project("{FAE04EC0-301F-11D3-BF4B-00C04F79EFBC}") = "Phonebook_ASP-API", "Phonebook_ASP-API\Phonebook_ASP-API.csproj", "{AE57DBA5-BB83-4927-A2A5-2743F3B212C0}"
EndProject
Global
	GlobalSection(SolutionConfigurationPlatforms) = preSolution
		Debug|Any CPU = Debug|Any CPU
		Release|Any CPU = Release|Any CPU
	EndGlobalSection
	GlobalSection(ProjectConfigurationPlatforms) = postSolution
		{AE57DBA5-BB83-4927-A2A5-2743F3B212C0}.Debug|Any CPU.ActiveCfg = Debug|Any CPU
		{AE57DBA5-BB83-4927-A2A5-2743F3B212C0}.Debug|Any CPU.Build.0 = Debug|Any CPU
		{AE57DBA5-BB83-4927-A2A5-2743F3B212C0}.Release|Any CPU.ActiveCfg = Release|Any CPU
		{AE57DBA5-BB83-4927-A2A5-2743F3B212C0}.Release|Any CPU.Build.0 = Release|Any CPU
	EndGlobalSection
	GlobalSection(SolutionProperties) = preSolution
		HideSolutionNode = FALSE
	EndGlobalSection
	GlobalSection(ExtensibilityGlobals) = postSolution
		SolutionGuid = {7577EADC-14A4-4A86-A702-8E8FE4EB4E22}
	EndGlobalSection
EndGlobal
